
Microsoft Visual Studio Solution File, Format Version 12.00
# Visual Studio 15
VisualStudioVersion = 15.0.28307.779
MinimumVisualStudioVersion = 10.0.40219.1
Project("{FAE04EC0-301F-11D3-BF4B-00C04F79EFBC}") = "EMS201724112128", "EMS201724112128\EMS201724112128.csproj", "{89B98E6E-1BC2-4F64-9D1F-9DAD186B516B}"
EndProject
Global
	GlobalSection(SolutionConfigurationPlatforms) = preSolution
		Debug|Any CPU = Debug|Any CPU
		Release|Any CPU = Release|Any CPU
	EndGlobalSection
	GlobalSection(ProjectConfigurationPlatforms) = postSolution
		{89B98E6E-1BC2-4F64-9D1F-9DAD186B516B}.Debug|Any CPU.ActiveCfg = Debug|Any CPU
		{89B98E6E-1BC2-4F64-9D1F-9DAD186B516B}.Debug|Any CPU.Build.0 = Debug|Any CPU
		{89B98E6E-1BC2-4F64-9D1F-9DAD186B516B}.Release|Any CPU.ActiveCfg = Release|Any CPU
		{89B98E6E-1BC2-4F64-9D1F-9DAD186B516B}.Release|Any CPU.Build.0 = Release|Any CPU
	EndGlobalSection
	GlobalSection(SolutionProperties) = preSolution
		HideSolutionNode = FALSE
	EndGlobalSection
	GlobalSection(ExtensibilityGlobals) = postSolution
		SolutionGuid = {D2004D2F-353F-414F-9283-81C603970727}
	EndGlobalSection
EndGlobal
